
Microsoft Visual Studio Solution File, Format Version 12.00
# Visual Studio Version 17
VisualStudioVersion = 17.0.31903.59
MinimumVisualStudioVersion = 10.0.40219.1
Project("{2150E333-8FDC-42A3-9474-1A3956D46DE8}") = "src", "src", "{F8626498-D8C1-4A94-957F-9DB1802110DB}"
EndProject
Project("{F2A71F9B-5D33-465A-A702-920D77279786}") = "Dag2", "src\Dag2\Dag2.fsproj", "{E1D21C14-283A-44C3-B87B-86BA4BCA4B5E}"
EndProject
Global
	GlobalSection(SolutionConfigurationPlatforms) = preSolution
		Debug|Any CPU = Debug|Any CPU
		Release|Any CPU = Release|Any CPU
	EndGlobalSection
	GlobalSection(SolutionProperties) = preSolution
		HideSolutionNode = FALSE
	EndGlobalSection
	GlobalSection(ProjectConfigurationPlatforms) = postSolution
		{E1D21C14-283A-44C3-B87B-86BA4BCA4B5E}.Debug|Any CPU.ActiveCfg = Debug|Any CPU
		{E1D21C14-283A-44C3-B87B-86BA4BCA4B5E}.Debug|Any CPU.Build.0 = Debug|Any CPU
		{E1D21C14-283A-44C3-B87B-86BA4BCA4B5E}.Release|Any CPU.ActiveCfg = Release|Any CPU
		{E1D21C14-283A-44C3-B87B-86BA4BCA4B5E}.Release|Any CPU.Build.0 = Release|Any CPU
	EndGlobalSection
	GlobalSection(NestedProjects) = preSolution
		{E1D21C14-283A-44C3-B87B-86BA4BCA4B5E} = {F8626498-D8C1-4A94-957F-9DB1802110DB}
	EndGlobalSection
EndGlobal
